// !$*UTF8*$!
{
	archiveVersion = 1;
	classes = {
	};
	objectVersion = 51;
	objects = {

/* Begin PBXBuildFile section */
		55D891CF595AEDBCB020E648 /* Pods_UberCloneTests.framework in Frameworks */ = {isa = PBXBuildFile; fileRef = DC801FA5C5647E98F65D55FE /* Pods_UberCloneTests.framework */; };
		66E9631E77950C5B86BF33D7 /* Pods_UberClone.framework in Frameworks */ = {isa = PBXBuildFile; fileRef = BD5488022530F888F82224A3 /* Pods_UberClone.framework */; };
		68C6C85927FE24B4A51F19AF /* Pods_UberClone_UberCloneUITests.framework in Frameworks */ = {isa = PBXBuildFile; fileRef = 4DF020C0ECC6FAD781D38AE7 /* Pods_UberClone_UberCloneUITests.framework */; };
		841B5CFF25605844002304AD /* AppDelegate.swift in Sources */ = {isa = PBXBuildFile; fileRef = 841B5CFE25605844002304AD /* AppDelegate.swift */; };
		841B5D0125605844002304AD /* SceneDelegate.swift in Sources */ = {isa = PBXBuildFile; fileRef = 841B5D0025605844002304AD /* SceneDelegate.swift */; };
		841B5D0825605847002304AD /* Assets.xcassets in Resources */ = {isa = PBXBuildFile; fileRef = 841B5D0725605847002304AD /* Assets.xcassets */; };
		841B5D0B25605847002304AD /* LaunchScreen.storyboard in Resources */ = {isa = PBXBuildFile; fileRef = 841B5D0925605847002304AD /* LaunchScreen.storyboard */; };
		841B5D1625605847002304AD /* UberCloneTests.swift in Sources */ = {isa = PBXBuildFile; fileRef = 841B5D1525605847002304AD /* UberCloneTests.swift */; };
		841B5D2125605847002304AD /* UberCloneUITests.swift in Sources */ = {isa = PBXBuildFile; fileRef = 841B5D2025605847002304AD /* UberCloneUITests.swift */; };
		841B5D5425606F6F002304AD /* Extensions.swift in Sources */ = {isa = PBXBuildFile; fileRef = 841B5D5325606F6F002304AD /* Extensions.swift */; };
		84468B5D25D57FC500311765 /* GoogleService-Info.plist in Resources */ = {isa = PBXBuildFile; fileRef = 84468B5C25D57FC500311765 /* GoogleService-Info.plist */; };
		84468BB825D66E8000311765 /* HomeController.swift in Sources */ = {isa = PBXBuildFile; fileRef = 84468BB725D66E8000311765 /* HomeController.swift */; };
		8472764725866DCE001A2638 /* LoginController.swift in Sources */ = {isa = PBXBuildFile; fileRef = 8472764625866DCE001A2638 /* LoginController.swift */; };
		8472764C25866E2B001A2638 /* SignUpController.swift in Sources */ = {isa = PBXBuildFile; fileRef = 8472764B25866E2B001A2638 /* SignUpController.swift */; };
		8472765125866E73001A2638 /* AuthButton.swift in Sources */ = {isa = PBXBuildFile; fileRef = 8472765025866E73001A2638 /* AuthButton.swift */; };
		8472765925866EBD001A2638 /* Main.storyboard in Resources */ = {isa = PBXBuildFile; fileRef = 8472765825866EBD001A2638 /* Main.storyboard */; };
/* End PBXBuildFile section */

/* Begin PBXContainerItemProxy section */
		841B5D1225605847002304AD /* PBXContainerItemProxy */ = {
			isa = PBXContainerItemProxy;
			containerPortal = 841B5CF325605844002304AD /* Project object */;
			proxyType = 1;
			remoteGlobalIDString = 841B5CFA25605844002304AD;
			remoteInfo = UberClone;
		};
		841B5D1D25605847002304AD /* PBXContainerItemProxy */ = {
			isa = PBXContainerItemProxy;
			containerPortal = 841B5CF325605844002304AD /* Project object */;
			proxyType = 1;
			remoteGlobalIDString = 841B5CFA25605844002304AD;
			remoteInfo = UberClone;
		};
/* End PBXContainerItemProxy section */

/* Begin PBXCopyFilesBuildPhase section */
		8431CA6B2586751D00F9D5F2 /* Embed Frameworks */ = {
			isa = PBXCopyFilesBuildPhase;
			buildActionMask = 2147483647;
			dstPath = "";
			dstSubfolderSpec = 10;
			files = (
			);
			name = "Embed Frameworks";
			runOnlyForDeploymentPostprocessing = 0;
		};
/* End PBXCopyFilesBuildPhase section */

/* Begin PBXFileReference section */
		3A418FB149665F071A2922F1 /* Pods-UberCloneTests.debug.xcconfig */ = {isa = PBXFileReference; includeInIndex = 1; lastKnownFileType = text.xcconfig; name = "Pods-UberCloneTests.debug.xcconfig"; path = "Target Support Files/Pods-UberCloneTests/Pods-UberCloneTests.debug.xcconfig"; sourceTree = "<group>"; };
		4DF020C0ECC6FAD781D38AE7 /* Pods_UberClone_UberCloneUITests.framework */ = {isa = PBXFileReference; explicitFileType = wrapper.framework; includeInIndex = 0; path = Pods_UberClone_UberCloneUITests.framework; sourceTree = BUILT_PRODUCTS_DIR; };
		774EDAF23E28EEE56FFA5DFC /* Pods-UberCloneTests.release.xcconfig */ = {isa = PBXFileReference; includeInIndex = 1; lastKnownFileType = text.xcconfig; name = "Pods-UberCloneTests.release.xcconfig"; path = "Target Support Files/Pods-UberCloneTests/Pods-UberCloneTests.release.xcconfig"; sourceTree = "<group>"; };
		7F1FB97C85795A33B4D28B98 /* Pods-UberClone.debug.xcconfig */ = {isa = PBXFileReference; includeInIndex = 1; lastKnownFileType = text.xcconfig; name = "Pods-UberClone.debug.xcconfig"; path = "Target Support Files/Pods-UberClone/Pods-UberClone.debug.xcconfig"; sourceTree = "<group>"; };
		841B5CFB25605844002304AD /* UberClone.app */ = {isa = PBXFileReference; explicitFileType = wrapper.application; includeInIndex = 0; path = UberClone.app; sourceTree = BUILT_PRODUCTS_DIR; };
		841B5CFE25605844002304AD /* AppDelegate.swift */ = {isa = PBXFileReference; lastKnownFileType = sourcecode.swift; path = AppDelegate.swift; sourceTree = "<group>"; };
		841B5D0025605844002304AD /* SceneDelegate.swift */ = {isa = PBXFileReference; lastKnownFileType = sourcecode.swift; path = SceneDelegate.swift; sourceTree = "<group>"; };
		841B5D0725605847002304AD /* Assets.xcassets */ = {isa = PBXFileReference; lastKnownFileType = folder.assetcatalog; path = Assets.xcassets; sourceTree = "<group>"; };
		841B5D0A25605847002304AD /* Base */ = {isa = PBXFileReference; lastKnownFileType = file.storyboard; name = Base; path = Base.lproj/LaunchScreen.storyboard; sourceTree = "<group>"; };
		841B5D0C25605847002304AD /* Info.plist */ = {isa = PBXFileReference; lastKnownFileType = text.plist.xml; path = Info.plist; sourceTree = "<group>"; };
		841B5D1125605847002304AD /* UberCloneTests.xctest */ = {isa = PBXFileReference; explicitFileType = wrapper.cfbundle; includeInIndex = 0; path = UberCloneTests.xctest; sourceTree = BUILT_PRODUCTS_DIR; };
		841B5D1525605847002304AD /* UberCloneTests.swift */ = {isa = PBXFileReference; lastKnownFileType = sourcecode.swift; path = UberCloneTests.swift; sourceTree = "<group>"; };
		841B5D1725605847002304AD /* Info.plist */ = {isa = PBXFileReference; lastKnownFileType = text.plist.xml; path = Info.plist; sourceTree = "<group>"; };
		841B5D1C25605847002304AD /* UberCloneUITests.xctest */ = {isa = PBXFileReference; explicitFileType = wrapper.cfbundle; includeInIndex = 0; path = UberCloneUITests.xctest; sourceTree = BUILT_PRODUCTS_DIR; };
		841B5D2025605847002304AD /* UberCloneUITests.swift */ = {isa = PBXFileReference; lastKnownFileType = sourcecode.swift; path = UberCloneUITests.swift; sourceTree = "<group>"; };
		841B5D2225605847002304AD /* Info.plist */ = {isa = PBXFileReference; lastKnownFileType = text.plist.xml; path = Info.plist; sourceTree = "<group>"; };
		841B5D5325606F6F002304AD /* Extensions.swift */ = {isa = PBXFileReference; lastKnownFileType = sourcecode.swift; path = Extensions.swift; sourceTree = "<group>"; };
		84468B5C25D57FC500311765 /* GoogleService-Info.plist */ = {isa = PBXFileReference; fileEncoding = 4; lastKnownFileType = text.plist.xml; path = "GoogleService-Info.plist"; sourceTree = "<group>"; };
		84468BB725D66E8000311765 /* HomeController.swift */ = {isa = PBXFileReference; lastKnownFileType = sourcecode.swift; path = HomeController.swift; sourceTree = "<group>"; };
		8472764625866DCE001A2638 /* LoginController.swift */ = {isa = PBXFileReference; lastKnownFileType = sourcecode.swift; name = LoginController.swift; path = UberClone/Moduls/LogIn/LoginController.swift; sourceTree = SOURCE_ROOT; };
		8472764B25866E2B001A2638 /* SignUpController.swift */ = {isa = PBXFileReference; lastKnownFileType = sourcecode.swift; path = SignUpController.swift; sourceTree = "<group>"; };
		8472765025866E73001A2638 /* AuthButton.swift */ = {isa = PBXFileReference; lastKnownFileType = sourcecode.swift; path = AuthButton.swift; sourceTree = "<group>"; };
		8472765825866EBD001A2638 /* Main.storyboard */ = {isa = PBXFileReference; lastKnownFileType = file.storyboard; path = Main.storyboard; sourceTree = "<group>"; };
		B0C321726653DD759C8B2B28 /* Pods-UberClone-UberCloneUITests.debug.xcconfig */ = {isa = PBXFileReference; includeInIndex = 1; lastKnownFileType = text.xcconfig; name = "Pods-UberClone-UberCloneUITests.debug.xcconfig"; path = "Target Support Files/Pods-UberClone-UberCloneUITests/Pods-UberClone-UberCloneUITests.debug.xcconfig"; sourceTree = "<group>"; };
		BD5488022530F888F82224A3 /* Pods_UberClone.framework */ = {isa = PBXFileReference; explicitFileType = wrapper.framework; includeInIndex = 0; path = Pods_UberClone.framework; sourceTree = BUILT_PRODUCTS_DIR; };
		DC801FA5C5647E98F65D55FE /* Pods_UberCloneTests.framework */ = {isa = PBXFileReference; explicitFileType = wrapper.framework; includeInIndex = 0; path = Pods_UberCloneTests.framework; sourceTree = BUILT_PRODUCTS_DIR; };
		ECFD6AFABBB9B9F647B0D155 /* Pods-UberClone-UberCloneUITests.release.xcconfig */ = {isa = PBXFileReference; includeInIndex = 1; lastKnownFileType = text.xcconfig; name = "Pods-UberClone-UberCloneUITests.release.xcconfig"; path = "Target Support Files/Pods-UberClone-UberCloneUITests/Pods-UberClone-UberCloneUITests.release.xcconfig"; sourceTree = "<group>"; };
		F46743C1C3771A1506424B24 /* Pods-UberClone.release.xcconfig */ = {isa = PBXFileReference; includeInIndex = 1; lastKnownFileType = text.xcconfig; name = "Pods-UberClone.release.xcconfig"; path = "Target Support Files/Pods-UberClone/Pods-UberClone.release.xcconfig"; sourceTree = "<group>"; };
/* End PBXFileReference section */

/* Begin PBXFrameworksBuildPhase section */
		841B5CF825605844002304AD /* Frameworks */ = {
			isa = PBXFrameworksBuildPhase;
			buildActionMask = 2147483647;
			files = (
				66E9631E77950C5B86BF33D7 /* Pods_UberClone.framework in Frameworks */,
			);
			runOnlyForDeploymentPostprocessing = 0;
		};
		841B5D0E25605847002304AD /* Frameworks */ = {
			isa = PBXFrameworksBuildPhase;
			buildActionMask = 2147483647;
			files = (
				55D891CF595AEDBCB020E648 /* Pods_UberCloneTests.framework in Frameworks */,
			);
			runOnlyForDeploymentPostprocessing = 0;
		};
		841B5D1925605847002304AD /* Frameworks */ = {
			isa = PBXFrameworksBuildPhase;
			buildActionMask = 2147483647;
			files = (
				68C6C85927FE24B4A51F19AF /* Pods_UberClone_UberCloneUITests.framework in Frameworks */,
			);
			runOnlyForDeploymentPostprocessing = 0;
		};
/* End PBXFrameworksBuildPhase section */

/* Begin PBXGroup section */
		027635FB77204A4B91E284F5 /* Frameworks */ = {
			isa = PBXGroup;
			children = (
				BD5488022530F888F82224A3 /* Pods_UberClone.framework */,
				4DF020C0ECC6FAD781D38AE7 /* Pods_UberClone_UberCloneUITests.framework */,
				DC801FA5C5647E98F65D55FE /* Pods_UberCloneTests.framework */,
			);
			name = Frameworks;
			sourceTree = "<group>";
		};
		841B5CF225605844002304AD = {
			isa = PBXGroup;
			children = (
				841B5CFD25605844002304AD /* UberClone */,
				841B5D1425605847002304AD /* UberCloneTests */,
				841B5D1F25605847002304AD /* UberCloneUITests */,
				841B5CFC25605844002304AD /* Products */,
				9B9FD1FC56C4F8B0D79D67E9 /* Pods */,
				027635FB77204A4B91E284F5 /* Frameworks */,
			);
			sourceTree = "<group>";
		};
		841B5CFC25605844002304AD /* Products */ = {
			isa = PBXGroup;
			children = (
				841B5CFB25605844002304AD /* UberClone.app */,
				841B5D1125605847002304AD /* UberCloneTests.xctest */,
				841B5D1C25605847002304AD /* UberCloneUITests.xctest */,
			);
			name = Products;
			sourceTree = "<group>";
		};
		841B5CFD25605844002304AD /* UberClone */ = {
			isa = PBXGroup;
			children = (
				841B5CFE25605844002304AD /* AppDelegate.swift */,
				841B5D0025605844002304AD /* SceneDelegate.swift */,
				8472765D25866F54001A2638 /* Moduls */,
				841B5D34256058AE002304AD /* View */,
				841B5D31256058A3002304AD /* Utils */,
				841B5D0725605847002304AD /* Assets.xcassets */,
				841B5D0925605847002304AD /* LaunchScreen.storyboard */,
				841B5D0C25605847002304AD /* Info.plist */,
				8472765825866EBD001A2638 /* Main.storyboard */,
				84468B5C25D57FC500311765 /* GoogleService-Info.plist */,
			);
			path = UberClone;
			sourceTree = "<group>";
		};
		841B5D1425605847002304AD /* UberCloneTests */ = {
			isa = PBXGroup;
			children = (
				841B5D1525605847002304AD /* UberCloneTests.swift */,
				841B5D1725605847002304AD /* Info.plist */,
			);
			path = UberCloneTests;
			sourceTree = "<group>";
		};
		841B5D1F25605847002304AD /* UberCloneUITests */ = {
			isa = PBXGroup;
			children = (
				841B5D2025605847002304AD /* UberCloneUITests.swift */,
				841B5D2225605847002304AD /* Info.plist */,
			);
			path = UberCloneUITests;
			sourceTree = "<group>";
		};
		841B5D31256058A3002304AD /* Utils */ = {
			isa = PBXGroup;
			children = (
				841B5D5325606F6F002304AD /* Extensions.swift */,
			);
			path = Utils;
			sourceTree = "<group>";
		};
		841B5D34256058AE002304AD /* View */ = {
			isa = PBXGroup;
			children = (
				8472765025866E73001A2638 /* AuthButton.swift */,
			);
			path = View;
			sourceTree = "<group>";
		};
		84468BB625D66E6200311765 /* Home */ = {
			isa = PBXGroup;
			children = (
				84468BB725D66E8000311765 /* HomeController.swift */,
			);
			path = Home;
			sourceTree = "<group>";
		};
		8472765D25866F54001A2638 /* Moduls */ = {
			isa = PBXGroup;
			children = (
				84468BB625D66E6200311765 /* Home */,
				8472765E25866F91001A2638 /* LogIn */,
				8472765F25866F9A001A2638 /* SignUp */,
			);
			path = Moduls;
			sourceTree = "<group>";
		};
		8472765E25866F91001A2638 /* LogIn */ = {
			isa = PBXGroup;
			children = (
				8472764625866DCE001A2638 /* LoginController.swift */,
			);
			path = LogIn;
			sourceTree = "<group>";
		};
		8472765F25866F9A001A2638 /* SignUp */ = {
			isa = PBXGroup;
			children = (
				8472764B25866E2B001A2638 /* SignUpController.swift */,
			);
			path = SignUp;
			sourceTree = "<group>";
		};
		9B9FD1FC56C4F8B0D79D67E9 /* Pods */ = {
			isa = PBXGroup;
			children = (
				7F1FB97C85795A33B4D28B98 /* Pods-UberClone.debug.xcconfig */,
				F46743C1C3771A1506424B24 /* Pods-UberClone.release.xcconfig */,
				B0C321726653DD759C8B2B28 /* Pods-UberClone-UberCloneUITests.debug.xcconfig */,
				ECFD6AFABBB9B9F647B0D155 /* Pods-UberClone-UberCloneUITests.release.xcconfig */,
				3A418FB149665F071A2922F1 /* Pods-UberCloneTests.debug.xcconfig */,
				774EDAF23E28EEE56FFA5DFC /* Pods-UberCloneTests.release.xcconfig */,
			);
			path = Pods;
			sourceTree = "<group>";
		};
/* End PBXGroup section */

/* Begin PBXNativeTarget section */
		841B5CFA25605844002304AD /* UberClone */ = {
			isa = PBXNativeTarget;
			buildConfigurationList = 841B5D2525605847002304AD /* Build configuration list for PBXNativeTarget "UberClone" */;
			buildPhases = (
				0D3FB8706336907B4DB2556E /* [CP] Check Pods Manifest.lock */,
				841B5CF725605844002304AD /* Sources */,
				841B5CF825605844002304AD /* Frameworks */,
				841B5CF925605844002304AD /* Resources */,
				8431CA6B2586751D00F9D5F2 /* Embed Frameworks */,
				C08E652FCCF2F0B072A53DF1 /* [CP] Embed Pods Frameworks */,
			);
			buildRules = (
			);
			dependencies = (
			);
			name = UberClone;
			productName = UberClone;
			productReference = 841B5CFB25605844002304AD /* UberClone.app */;
			productType = "com.apple.product-type.application";
		};
		841B5D1025605847002304AD /* UberCloneTests */ = {
			isa = PBXNativeTarget;
			buildConfigurationList = 841B5D2825605847002304AD /* Build configuration list for PBXNativeTarget "UberCloneTests" */;
			buildPhases = (
				01F55F0551242FF930917932 /* [CP] Check Pods Manifest.lock */,
				841B5D0D25605847002304AD /* Sources */,
				841B5D0E25605847002304AD /* Frameworks */,
				841B5D0F25605847002304AD /* Resources */,
			);
			buildRules = (
			);
			dependencies = (
				841B5D1325605847002304AD /* PBXTargetDependency */,
			);
			name = UberCloneTests;
			productName = UberCloneTests;
			productReference = 841B5D1125605847002304AD /* UberCloneTests.xctest */;
			productType = "com.apple.product-type.bundle.unit-test";
		};
		841B5D1B25605847002304AD /* UberCloneUITests */ = {
			isa = PBXNativeTarget;
			buildConfigurationList = 841B5D2B25605847002304AD /* Build configuration list for PBXNativeTarget "UberCloneUITests" */;
			buildPhases = (
				1C7E26AE9FDFA451A24C54E3 /* [CP] Check Pods Manifest.lock */,
				841B5D1825605847002304AD /* Sources */,
				841B5D1925605847002304AD /* Frameworks */,
				841B5D1A25605847002304AD /* Resources */,
				D68F6D512AD82336788C0B5E /* [CP] Embed Pods Frameworks */,
			);
			buildRules = (
			);
			dependencies = (
				841B5D1E25605847002304AD /* PBXTargetDependency */,
			);
			name = UberCloneUITests;
			productName = UberCloneUITests;
			productReference = 841B5D1C25605847002304AD /* UberCloneUITests.xctest */;
			productType = "com.apple.product-type.bundle.ui-testing";
		};
/* End PBXNativeTarget section */

/* Begin PBXProject section */
		841B5CF325605844002304AD /* Project object */ = {
			isa = PBXProject;
			attributes = {
				LastSwiftUpdateCheck = 1210;
				LastUpgradeCheck = 1210;
				TargetAttributes = {
					841B5CFA25605844002304AD = {
						CreatedOnToolsVersion = 12.1;
					};
					841B5D1025605847002304AD = {
						CreatedOnToolsVersion = 12.1;
						TestTargetID = 841B5CFA25605844002304AD;
					};
					841B5D1B25605847002304AD = {
						CreatedOnToolsVersion = 12.1;
						TestTargetID = 841B5CFA25605844002304AD;
					};
				};
			};
			buildConfigurationList = 841B5CF625605844002304AD /* Build configuration list for PBXProject "UberClone" */;
			compatibilityVersion = "Xcode 9.3";
			developmentRegion = en;
			hasScannedForEncodings = 0;
			knownRegions = (
				en,
				Base,
			);
			mainGroup = 841B5CF225605844002304AD;
			productRefGroup = 841B5CFC25605844002304AD /* Products */;
			projectDirPath = "";
			projectRoot = "";
			targets = (
				841B5CFA25605844002304AD /* UberClone */,
				841B5D1025605847002304AD /* UberCloneTests */,
				841B5D1B25605847002304AD /* UberCloneUITests */,
			);
		};
/* End PBXProject section */

/* Begin PBXResourcesBuildPhase section */
		841B5CF925605844002304AD /* Resources */ = {
			isa = PBXResourcesBuildPhase;
			buildActionMask = 2147483647;
			files = (
				8472765925866EBD001A2638 /* Main.storyboard in Resources */,
				84468B5D25D57FC500311765 /* GoogleService-Info.plist in Resources */,
				841B5D0B25605847002304AD /* LaunchScreen.storyboard in Resources */,
				841B5D0825605847002304AD /* Assets.xcassets in Resources */,
			);
			runOnlyForDeploymentPostprocessing = 0;
		};
		841B5D0F25605847002304AD /* Resources */ = {
			isa = PBXResourcesBuildPhase;
			buildActionMask = 2147483647;
			files = (
			);
			runOnlyForDeploymentPostprocessing = 0;
		};
		841B5D1A25605847002304AD /* Resources */ = {
			isa = PBXResourcesBuildPhase;
			buildActionMask = 2147483647;
			files = (
			);
			runOnlyForDeploymentPostprocessing = 0;
		};
/* End PBXResourcesBuildPhase section */

/* Begin PBXShellScriptBuildPhase section */
		01F55F0551242FF930917932 /* [CP] Check Pods Manifest.lock */ = {
			isa = PBXShellScriptBuildPhase;
			buildActionMask = 2147483647;
			files = (
			);
			inputFileListPaths = (
			);
			inputPaths = (
				"${PODS_PODFILE_DIR_PATH}/Podfile.lock",
				"${PODS_ROOT}/Manifest.lock",
			);
			name = "[CP] Check Pods Manifest.lock";
			outputFileListPaths = (
			);
			outputPaths = (
				"$(DERIVED_FILE_DIR)/Pods-UberCloneTests-checkManifestLockResult.txt",
			);
			runOnlyForDeploymentPostprocessing = 0;
			shellPath = /bin/sh;
			shellScript = "diff \"${PODS_PODFILE_DIR_PATH}/Podfile.lock\" \"${PODS_ROOT}/Manifest.lock\" > /dev/null\nif [ $? != 0 ] ; then\n    # print error to STDERR\n    echo \"error: The sandbox is not in sync with the Podfile.lock. Run 'pod install' or update your CocoaPods installation.\" >&2\n    exit 1\nfi\n# This output is used by Xcode 'outputs' to avoid re-running this script phase.\necho \"SUCCESS\" > \"${SCRIPT_OUTPUT_FILE_0}\"\n";
			showEnvVarsInLog = 0;
		};
		0D3FB8706336907B4DB2556E /* [CP] Check Pods Manifest.lock */ = {
			isa = PBXShellScriptBuildPhase;
			buildActionMask = 2147483647;
			files = (
			);
			inputFileListPaths = (
			);
			inputPaths = (
				"${PODS_PODFILE_DIR_PATH}/Podfile.lock",
				"${PODS_ROOT}/Manifest.lock",
			);
			name = "[CP] Check Pods Manifest.lock";
			outputFileListPaths = (
			);
			outputPaths = (
				"$(DERIVED_FILE_DIR)/Pods-UberClone-checkManifestLockResult.txt",
			);
			runOnlyForDeploymentPostprocessing = 0;
			shellPath = /bin/sh;
			shellScript = "diff \"${PODS_PODFILE_DIR_PATH}/Podfile.lock\" \"${PODS_ROOT}/Manifest.lock\" > /dev/null\nif [ $? != 0 ] ; then\n    # print error to STDERR\n    echo \"error: The sandbox is not in sync with the Podfile.lock. Run 'pod install' or update your CocoaPods installation.\" >&2\n    exit 1\nfi\n# This output is used by Xcode 'outputs' to avoid re-running this script phase.\necho \"SUCCESS\" > \"${SCRIPT_OUTPUT_FILE_0}\"\n";
			showEnvVarsInLog = 0;
		};
		1C7E26AE9FDFA451A24C54E3 /* [CP] Check Pods Manifest.lock */ = {
			isa = PBXShellScriptBuildPhase;
			buildActionMask = 2147483647;
			files = (
			);
			inputFileListPaths = (
			);
			inputPaths = (
				"${PODS_PODFILE_DIR_PATH}/Podfile.lock",
				"${PODS_ROOT}/Manifest.lock",
			);
			name = "[CP] Check Pods Manifest.lock";
			outputFileListPaths = (
			);
			outputPaths = (
				"$(DERIVED_FILE_DIR)/Pods-UberClone-UberCloneUITests-checkManifestLockResult.txt",
			);
			runOnlyForDeploymentPostprocessing = 0;
			shellPath = /bin/sh;
			shellScript = "diff \"${PODS_PODFILE_DIR_PATH}/Podfile.lock\" \"${PODS_ROOT}/Manifest.lock\" > /dev/null\nif [ $? != 0 ] ; then\n    # print error to STDERR\n    echo \"error: The sandbox is not in sync with the Podfile.lock. Run 'pod install' or update your CocoaPods installation.\" >&2\n    exit 1\nfi\n# This output is used by Xcode 'outputs' to avoid re-running this script phase.\necho \"SUCCESS\" > \"${SCRIPT_OUTPUT_FILE_0}\"\n";
			showEnvVarsInLog = 0;
		};
		C08E652FCCF2F0B072A53DF1 /* [CP] Embed Pods Frameworks */ = {
			isa = PBXShellScriptBuildPhase;
			buildActionMask = 2147483647;
			files = (
			);
			inputFileListPaths = (
				"${PODS_ROOT}/Target Support Files/Pods-UberClone/Pods-UberClone-frameworks-${CONFIGURATION}-input-files.xcfilelist",
			);
			name = "[CP] Embed Pods Frameworks";
			outputFileListPaths = (
				"${PODS_ROOT}/Target Support Files/Pods-UberClone/Pods-UberClone-frameworks-${CONFIGURATION}-output-files.xcfilelist",
			);
			runOnlyForDeploymentPostprocessing = 0;
			shellPath = /bin/sh;
			shellScript = "\"${PODS_ROOT}/Target Support Files/Pods-UberClone/Pods-UberClone-frameworks.sh\"\n";
			showEnvVarsInLog = 0;
		};
		D68F6D512AD82336788C0B5E /* [CP] Embed Pods Frameworks */ = {
			isa = PBXShellScriptBuildPhase;
			buildActionMask = 2147483647;
			files = (
			);
			inputFileListPaths = (
				"${PODS_ROOT}/Target Support Files/Pods-UberClone-UberCloneUITests/Pods-UberClone-UberCloneUITests-frameworks-${CONFIGURATION}-input-files.xcfilelist",
			);
			name = "[CP] Embed Pods Frameworks";
			outputFileListPaths = (
				"${PODS_ROOT}/Target Support Files/Pods-UberClone-UberCloneUITests/Pods-UberClone-UberCloneUITests-frameworks-${CONFIGURATION}-output-files.xcfilelist",
			);
			runOnlyForDeploymentPostprocessing = 0;
			shellPath = /bin/sh;
			shellScript = "\"${PODS_ROOT}/Target Support Files/Pods-UberClone-UberCloneUITests/Pods-UberClone-UberCloneUITests-frameworks.sh\"\n";
			showEnvVarsInLog = 0;
		};
/* End PBXShellScriptBuildPhase section */

/* Begin PBXSourcesBuildPhase section */
		841B5CF725605844002304AD /* Sources */ = {
			isa = PBXSourcesBuildPhase;
			buildActionMask = 2147483647;
			files = (
				8472764C25866E2B001A2638 /* SignUpController.swift in Sources */,
				8472765125866E73001A2638 /* AuthButton.swift in Sources */,
				84468BB825D66E8000311765 /* HomeController.swift in Sources */,
				841B5CFF25605844002304AD /* AppDelegate.swift in Sources */,
				841B5D0125605844002304AD /* SceneDelegate.swift in Sources */,
				841B5D5425606F6F002304AD /* Extensions.swift in Sources */,
				8472764725866DCE001A2638 /* LoginController.swift in Sources */,
			);
			runOnlyForDeploymentPostprocessing = 0;
		};
		841B5D0D25605847002304AD /* Sources */ = {
			isa = PBXSourcesBuildPhase;
			buildActionMask = 2147483647;
			files = (
				841B5D1625605847002304AD /* UberCloneTests.swift in Sources */,
			);
			runOnlyForDeploymentPostprocessing = 0;
		};
		841B5D1825605847002304AD /* Sources */ = {
			isa = PBXSourcesBuildPhase;
			buildActionMask = 2147483647;
			files = (
				841B5D2125605847002304AD /* UberCloneUITests.swift in Sources */,
			);
			runOnlyForDeploymentPostprocessing = 0;
		};
/* End PBXSourcesBuildPhase section */

/* Begin PBXTargetDependency section */
		841B5D1325605847002304AD /* PBXTargetDependency */ = {
			isa = PBXTargetDependency;
			target = 841B5CFA25605844002304AD /* UberClone */;
			targetProxy = 841B5D1225605847002304AD /* PBXContainerItemProxy */;
		};
		841B5D1E25605847002304AD /* PBXTargetDependency */ = {
			isa = PBXTargetDependency;
			target = 841B5CFA25605844002304AD /* UberClone */;
			targetProxy = 841B5D1D25605847002304AD /* PBXContainerItemProxy */;
		};
/* End PBXTargetDependency section */

/* Begin PBXVariantGroup section */
		841B5D0925605847002304AD /* LaunchScreen.storyboard */ = {
			isa = PBXVariantGroup;
			children = (
				841B5D0A25605847002304AD /* Base */,
			);
			name = LaunchScreen.storyboard;
			sourceTree = "<group>";
		};
/* End PBXVariantGroup section */

/* Begin XCBuildConfiguration section */
		841B5D2325605847002304AD /* Debug */ = {
			isa = XCBuildConfiguration;
			buildSettings = {
				ALWAYS_SEARCH_USER_PATHS = NO;
				CLANG_ANALYZER_NONNULL = YES;
				CLANG_ANALYZER_NUMBER_OBJECT_CONVERSION = YES_AGGRESSIVE;
				CLANG_CXX_LANGUAGE_STANDARD = "gnu++14";
				CLANG_CXX_LIBRARY = "libc++";
				CLANG_ENABLE_MODULES = YES;
				CLANG_ENABLE_OBJC_ARC = YES;
				CLANG_ENABLE_OBJC_WEAK = YES;
				CLANG_WARN_BLOCK_CAPTURE_AUTORELEASING = YES;
				CLANG_WARN_BOOL_CONVERSION = YES;
				CLANG_WARN_COMMA = YES;
				CLANG_WARN_CONSTANT_CONVERSION = YES;
				CLANG_WARN_DEPRECATED_OBJC_IMPLEMENTATIONS = YES;
				CLANG_WARN_DIRECT_OBJC_ISA_USAGE = YES_ERROR;
				CLANG_WARN_DOCUMENTATION_COMMENTS = YES;
				CLANG_WARN_EMPTY_BODY = YES;
				CLANG_WARN_ENUM_CONVERSION = YES;
				CLANG_WARN_INFINITE_RECURSION = YES;
				CLANG_WARN_INT_CONVERSION = YES;
				CLANG_WARN_NON_LITERAL_NULL_CONVERSION = YES;
				CLANG_WARN_OBJC_IMPLICIT_RETAIN_SELF = YES;
				CLANG_WARN_OBJC_LITERAL_CONVERSION = YES;
				CLANG_WARN_OBJC_ROOT_CLASS = YES_ERROR;
				CLANG_WARN_QUOTED_INCLUDE_IN_FRAMEWORK_HEADER = YES;
				CLANG_WARN_RANGE_LOOP_ANALYSIS = YES;
				CLANG_WARN_STRICT_PROTOTYPES = YES;
				CLANG_WARN_SUSPICIOUS_MOVE = YES;
				CLANG_WARN_UNGUARDED_AVAILABILITY = YES_AGGRESSIVE;
				CLANG_WARN_UNREACHABLE_CODE = YES;
				CLANG_WARN__DUPLICATE_METHOD_MATCH = YES;
				COPY_PHASE_STRIP = NO;
				DEBUG_INFORMATION_FORMAT = dwarf;
				ENABLE_STRICT_OBJC_MSGSEND = YES;
				ENABLE_TESTABILITY = YES;
				GCC_C_LANGUAGE_STANDARD = gnu11;
				GCC_DYNAMIC_NO_PIC = NO;
				GCC_NO_COMMON_BLOCKS = YES;
				GCC_OPTIMIZATION_LEVEL = 0;
				GCC_PREPROCESSOR_DEFINITIONS = (
					"DEBUG=1",
					"$(inherited)",
				);
				GCC_WARN_64_TO_32_BIT_CONVERSION = YES;
				GCC_WARN_ABOUT_RETURN_TYPE = YES_ERROR;
				GCC_WARN_UNDECLARED_SELECTOR = YES;
				GCC_WARN_UNINITIALIZED_AUTOS = YES_AGGRESSIVE;
				GCC_WARN_UNUSED_FUNCTION = YES;
				GCC_WARN_UNUSED_VARIABLE = YES;
				IPHONEOS_DEPLOYMENT_TARGET = 14.1;
				MTL_ENABLE_DEBUG_INFO = INCLUDE_SOURCE;
				MTL_FAST_MATH = YES;
				ONLY_ACTIVE_ARCH = YES;
				SDKROOT = iphoneos;
				SWIFT_ACTIVE_COMPILATION_CONDITIONS = DEBUG;
				SWIFT_OPTIMIZATION_LEVEL = "-Onone";
			};
			name = Debug;
		};
		841B5D2425605847002304AD /* Release */ = {
			isa = XCBuildConfiguration;
			buildSettings = {
				ALWAYS_SEARCH_USER_PATHS = NO;
				CLANG_ANALYZER_NONNULL = YES;
				CLANG_ANALYZER_NUMBER_OBJECT_CONVERSION = YES_AGGRESSIVE;
				CLANG_CXX_LANGUAGE_STANDARD = "gnu++14";
				CLANG_CXX_LIBRARY = "libc++";
				CLANG_ENABLE_MODULES = YES;
				CLANG_ENABLE_OBJC_ARC = YES;
				CLANG_ENABLE_OBJC_WEAK = YES;
				CLANG_WARN_BLOCK_CAPTURE_AUTORELEASING = YES;
				CLANG_WARN_BOOL_CONVERSION = YES;
				CLANG_WARN_COMMA = YES;
				CLANG_WARN_CONSTANT_CONVERSION = YES;
				CLANG_WARN_DEPRECATED_OBJC_IMPLEMENTATIONS = YES;
				CLANG_WARN_DIRECT_OBJC_ISA_USAGE = YES_ERROR;
				CLANG_WARN_DOCUMENTATION_COMMENTS = YES;
				CLANG_WARN_EMPTY_BODY = YES;
				CLANG_WARN_ENUM_CONVERSION = YES;
				CLANG_WARN_INFINITE_RECURSION = YES;
				CLANG_WARN_INT_CONVERSION = YES;
				CLANG_WARN_NON_LITERAL_NULL_CONVERSION = YES;
				CLANG_WARN_OBJC_IMPLICIT_RETAIN_SELF = YES;
				CLANG_WARN_OBJC_LITERAL_CONVERSION = YES;
				CLANG_WARN_OBJC_ROOT_CLASS = YES_ERROR;
				CLANG_WARN_QUOTED_INCLUDE_IN_FRAMEWORK_HEADER = YES;
				CLANG_WARN_RANGE_LOOP_ANALYSIS = YES;
				CLANG_WARN_STRICT_PROTOTYPES = YES;
				CLANG_WARN_SUSPICIOUS_MOVE = YES;
				CLANG_WARN_UNGUARDED_AVAILABILITY = YES_AGGRESSIVE;
				CLANG_WARN_UNREACHABLE_CODE = YES;
				CLANG_WARN__DUPLICATE_METHOD_MATCH = YES;
				COPY_PHASE_STRIP = NO;
				DEBUG_INFORMATION_FORMAT = "dwarf-with-dsym";
				ENABLE_NS_ASSERTIONS = NO;
				ENABLE_STRICT_OBJC_MSGSEND = YES;
				GCC_C_LANGUAGE_STANDARD = gnu11;
				GCC_NO_COMMON_BLOCKS = YES;
				GCC_WARN_64_TO_32_BIT_CONVERSION = YES;
				GCC_WARN_ABOUT_RETURN_TYPE = YES_ERROR;
				GCC_WARN_UNDECLARED_SELECTOR = YES;
				GCC_WARN_UNINITIALIZED_AUTOS = YES_AGGRESSIVE;
				GCC_WARN_UNUSED_FUNCTION = YES;
				GCC_WARN_UNUSED_VARIABLE = YES;
				IPHONEOS_DEPLOYMENT_TARGET = 14.1;
				MTL_ENABLE_DEBUG_INFO = NO;
				MTL_FAST_MATH = YES;
				SDKROOT = iphoneos;
				SWIFT_COMPILATION_MODE = wholemodule;
				SWIFT_OPTIMIZATION_LEVEL = "-O";
				VALIDATE_PRODUCT = YES;
			};
			name = Release;
		};
		841B5D2625605847002304AD /* Debug */ = {
			isa = XCBuildConfiguration;
			baseConfigurationReference = 7F1FB97C85795A33B4D28B98 /* Pods-UberClone.debug.xcconfig */;
			buildSettings = {
				ASSETCATALOG_COMPILER_APPICON_NAME = AppIcon;
				ASSETCATALOG_COMPILER_GLOBAL_ACCENT_COLOR_NAME = AccentColor;
				CODE_SIGN_STYLE = Automatic;
				DEVELOPMENT_TEAM = 6YJ62Z4KFL;
				INFOPLIST_FILE = UberClone/Info.plist;
				IPHONEOS_DEPLOYMENT_TARGET = 13.5;
				LD_RUNPATH_SEARCH_PATHS = (
					"$(inherited)",
					"@executable_path/Frameworks",
				);
				PRODUCT_BUNDLE_IDENTIFIER = OlgaFlower.UberClone;
				PRODUCT_NAME = "$(TARGET_NAME)";
				SWIFT_VERSION = 5.0;
				TARGETED_DEVICE_FAMILY = 1;
			};
			name = Debug;
		};
		841B5D2725605847002304AD /* Release */ = {
			isa = XCBuildConfiguration;
			baseConfigurationReference = F46743C1C3771A1506424B24 /* Pods-UberClone.release.xcconfig */;
			buildSettings = {
				ASSETCATALOG_COMPILER_APPICON_NAME = AppIcon;
				ASSETCATALOG_COMPILER_GLOBAL_ACCENT_COLOR_NAME = AccentColor;
				CODE_SIGN_STYLE = Automatic;
				DEVELOPMENT_TEAM = 6YJ62Z4KFL;
				INFOPLIST_FILE = UberClone/Info.plist;
				IPHONEOS_DEPLOYMENT_TARGET = 13.5;
				LD_RUNPATH_SEARCH_PATHS = (
					"$(inherited)",
					"@executable_path/Frameworks",
				);
				PRODUCT_BUNDLE_IDENTIFIER = OlgaFlower.UberClone;
				PRODUCT_NAME = "$(TARGET_NAME)";
				SWIFT_VERSION = 5.0;
				TARGETED_DEVICE_FAMILY = 1;
			};
			name = Release;
		};
		841B5D2925605847002304AD /* Debug */ = {
			isa = XCBuildConfiguration;
			baseConfigurationReference = 3A418FB149665F071A2922F1 /* Pods-UberCloneTests.debug.xcconfig */;
			buildSettings = {
				ALWAYS_EMBED_SWIFT_STANDARD_LIBRARIES = YES;
				BUNDLE_LOADER = "$(TEST_HOST)";
				CODE_SIGN_STYLE = Automatic;
				DEVELOPMENT_TEAM = 6YJ62Z4KFL;
				INFOPLIST_FILE = UberCloneTests/Info.plist;
				IPHONEOS_DEPLOYMENT_TARGET = 14.1;
				LD_RUNPATH_SEARCH_PATHS = (
					"$(inherited)",
					"@executable_path/Frameworks",
					"@loader_path/Frameworks",
				);
				PRODUCT_BUNDLE_IDENTIFIER = "Olha-Bereziuk.UberCloneTests";
				PRODUCT_NAME = "$(TARGET_NAME)";
				SWIFT_VERSION = 5.0;
				TARGETED_DEVICE_FAMILY = "1,2";
				TEST_HOST = "$(BUILT_PRODUCTS_DIR)/UberClone.app/UberClone";
			};
			name = Debug;
		};
		841B5D2A25605847002304AD /* Release */ = {
			isa = XCBuildConfiguration;
			baseConfigurationReference = 774EDAF23E28EEE56FFA5DFC /* Pods-UberCloneTests.release.xcconfig */;
			buildSettings = {
				ALWAYS_EMBED_SWIFT_STANDARD_LIBRARIES = YES;
				BUNDLE_LOADER = "$(TEST_HOST)";
				CODE_SIGN_STYLE = Automatic;
				DEVELOPMENT_TEAM = 6YJ62Z4KFL;
				INFOPLIST_FILE = UberCloneTests/Info.plist;
				IPHONEOS_DEPLOYMENT_TARGET = 14.1;
				LD_RUNPATH_SEARCH_PATHS = (
					"$(inherited)",
					"@executable_path/Frameworks",
					"@loader_path/Frameworks",
				);
				PRODUCT_BUNDLE_IDENTIFIER = "Olha-Bereziuk.UberCloneTests";
				PRODUCT_NAME = "$(TARGET_NAME)";
				SWIFT_VERSION = 5.0;
				TARGETED_DEVICE_FAMILY = "1,2";
				TEST_HOST = "$(BUILT_PRODUCTS_DIR)/UberClone.app/UberClone";
			};
			name = Release;
		};
		841B5D2C25605847002304AD /* Debug */ = {
			isa = XCBuildConfiguration;
			baseConfigurationReference = B0C321726653DD759C8B2B28 /* Pods-UberClone-UberCloneUITests.debug.xcconfig */;
			buildSettings = {
				ALWAYS_EMBED_SWIFT_STANDARD_LIBRARIES = YES;
				CODE_SIGN_STYLE = Automatic;
				DEVELOPMENT_TEAM = 6YJ62Z4KFL;
				INFOPLIST_FILE = UberCloneUITests/Info.plist;
				LD_RUNPATH_SEARCH_PATHS = (
					"$(inherited)",
					"@executable_path/Frameworks",
					"@loader_path/Frameworks",
				);
				PRODUCT_BUNDLE_IDENTIFIER = "Olha-Bereziuk.UberCloneUITests";
				PRODUCT_NAME = "$(TARGET_NAME)";
				SWIFT_VERSION = 5.0;
				TARGETED_DEVICE_FAMILY = "1,2";
				TEST_TARGET_NAME = UberClone;
			};
			name = Debug;
		};
		841B5D2D25605847002304AD /* Release */ = {
			isa = XCBuildConfiguration;
			baseConfigurationReference = ECFD6AFABBB9B9F647B0D155 /* Pods-UberClone-UberCloneUITests.release.xcconfig */;
			buildSettings = {
				ALWAYS_EMBED_SWIFT_STANDARD_LIBRARIES = YES;
				CODE_SIGN_STYLE = Automatic;
				DEVELOPMENT_TEAM = 6YJ62Z4KFL;
				INFOPLIST_FILE = UberCloneUITests/Info.plist;
				LD_RUNPATH_SEARCH_PATHS = (
					"$(inherited)",
					"@executable_path/Frameworks",
					"@loader_path/Frameworks",
				);
				PRODUCT_BUNDLE_IDENTIFIER = "Olha-Bereziuk.UberCloneUITests";
				PRODUCT_NAME = "$(TARGET_NAME)";
				SWIFT_VERSION = 5.0;
				TARGETED_DEVICE_FAMILY = "1,2";
				TEST_TARGET_NAME = UberClone;
			};
			name = Release;
		};
/* End XCBuildConfiguration section */

/* Begin XCConfigurationList section */
		841B5CF625605844002304AD /* Build configuration list for PBXProject "UberClone" */ = {
			isa = XCConfigurationList;
			buildConfigurations = (
				841B5D2325605847002304AD /* Debug */,
				841B5D2425605847002304AD /* Release */,
			);
			defaultConfigurationIsVisible = 0;
			defaultConfigurationName = Release;
		};
		841B5D2525605847002304AD /* Build configuration list for PBXNativeTarget "UberClone" */ = {
			isa = XCConfigurationList;
			buildConfigurations = (
				841B5D2625605847002304AD /* Debug */,
				841B5D2725605847002304AD /* Release */,
			);
			defaultConfigurationIsVisible = 0;
			defaultConfigurationName = Release;
		};
		841B5D2825605847002304AD /* Build configuration list for PBXNativeTarget "UberCloneTests" */ = {
			isa = XCConfigurationList;
			buildConfigurations = (
				841B5D2925605847002304AD /* Debug */,
				841B5D2A25605847002304AD /* Release */,
			);
			defaultConfigurationIsVisible = 0;
			defaultConfigurationName = Release;
		};
		841B5D2B25605847002304AD /* Build configuration list for PBXNativeTarget "UberCloneUITests" */ = {
			isa = XCConfigurationList;
			buildConfigurations = (
				841B5D2C25605847002304AD /* Debug */,
				841B5D2D25605847002304AD /* Release */,
			);
			defaultConfigurationIsVisible = 0;
			defaultConfigurationName = Release;
		};
/* End XCConfigurationList section */
	};
	rootObject = 841B5CF325605844002304AD /* Project object */;
}
